
Microsoft Visual Studio Solution File, Format Version 12.00
# Visual Studio Version 17
VisualStudioVersion = 17.1.32210.238
MinimumVisualStudioVersion = 10.0.40219.1
Project("{FAE04EC0-301F-11D3-BF4B-00C04F79EFBC}") = "NaslijedivanjePon", "NaslijedivanjePon\NaslijedivanjePon.csproj", "{87734452-0C03-44DC-A3B8-74C1BB1E418E}"
EndProject
Global
	GlobalSection(SolutionConfigurationPlatforms) = preSolution
		Debug|Any CPU = Debug|Any CPU
		Release|Any CPU = Release|Any CPU
	EndGlobalSection
	GlobalSection(ProjectConfigurationPlatforms) = postSolution
		{87734452-0C03-44DC-A3B8-74C1BB1E418E}.Debug|Any CPU.ActiveCfg = Debug|Any CPU
		{87734452-0C03-44DC-A3B8-74C1BB1E418E}.Debug|Any CPU.Build.0 = Debug|Any CPU
		{87734452-0C03-44DC-A3B8-74C1BB1E418E}.Release|Any CPU.ActiveCfg = Release|Any CPU
		{87734452-0C03-44DC-A3B8-74C1BB1E418E}.Release|Any CPU.Build.0 = Release|Any CPU
	EndGlobalSection
	GlobalSection(SolutionProperties) = preSolution
		HideSolutionNode = FALSE
	EndGlobalSection
	GlobalSection(ExtensibilityGlobals) = postSolution
		SolutionGuid = {5C7AA960-D7A3-41AD-B131-6E28806B4FA5}
	EndGlobalSection
EndGlobal
